
Microsoft Visual Studio Solution File, Format Version 12.00
# Visual Studio Version 17
VisualStudioVersion = 17.0.32014.148
MinimumVisualStudioVersion = 10.0.40219.1
Project("{FAE04EC0-301F-11D3-BF4B-00C04F79EFBC}") = "ProcessPensionAPI", "ProcessPensionAPI\ProcessPensionAPI.csproj", "{3EFA7255-42CB-4126-81FC-40609BABF7F0}"
EndProject
Project("{FAE04EC0-301F-11D3-BF4B-00C04F79EFBC}") = "ProcessPensionAPI.test", "ProcessPensionAPI.test\ProcessPensionAPI.test.csproj", "{4C74F756-1C1C-4298-9471-10DDDDFB3576}"
EndProject
Global
	GlobalSection(SolutionConfigurationPlatforms) = preSolution
		Debug|Any CPU = Debug|Any CPU
		Release|Any CPU = Release|Any CPU
	EndGlobalSection
	GlobalSection(ProjectConfigurationPlatforms) = postSolution
		{3EFA7255-42CB-4126-81FC-40609BABF7F0}.Debug|Any CPU.ActiveCfg = Debug|Any CPU
		{3EFA7255-42CB-4126-81FC-40609BABF7F0}.Debug|Any CPU.Build.0 = Debug|Any CPU
		{3EFA7255-42CB-4126-81FC-40609BABF7F0}.Release|Any CPU.ActiveCfg = Release|Any CPU
		{3EFA7255-42CB-4126-81FC-40609BABF7F0}.Release|Any CPU.Build.0 = Release|Any CPU
		{4C74F756-1C1C-4298-9471-10DDDDFB3576}.Debug|Any CPU.ActiveCfg = Debug|Any CPU
		{4C74F756-1C1C-4298-9471-10DDDDFB3576}.Debug|Any CPU.Build.0 = Debug|Any CPU
		{4C74F756-1C1C-4298-9471-10DDDDFB3576}.Release|Any CPU.ActiveCfg = Release|Any CPU
		{4C74F756-1C1C-4298-9471-10DDDDFB3576}.Release|Any CPU.Build.0 = Release|Any CPU
	EndGlobalSection
	GlobalSection(SolutionProperties) = preSolution
		HideSolutionNode = FALSE
	EndGlobalSection
	GlobalSection(ExtensibilityGlobals) = postSolution
		SolutionGuid = {C218F6A9-EC4C-4422-B7CA-E0E142A0F533}
	EndGlobalSection
EndGlobal
